// !$*UTF8*$!
{
	archiveVersion = 1;
	classes = {
	};
	objectVersion = 77;
	objects = {

/* Begin PBXContainerItemProxy section */
		A080F2DA2DB6760500ABA44A /* PBXContainerItemProxy */ = {
			isa = PBXContainerItemProxy;
			containerPortal = A080F2BB2DB6760300ABA44A /* Project object */;
			proxyType = 1;
			remoteGlobalIDString = A080F2C22DB6760300ABA44A;
			remoteInfo = Mytharim;
		};
		A080F2E42DB6760500ABA44A /* PBXContainerItemProxy */ = {
			isa = PBXContainerItemProxy;
			containerPortal = A080F2BB2DB6760300ABA44A /* Project object */;
			proxyType = 1;
			remoteGlobalIDString = A080F2C22DB6760300ABA44A;
			remoteInfo = Mytharim;
		};
/* End PBXContainerItemProxy section */

/* Begin PBXFileReference section */
		A080F2C32DB6760300ABA44A /* Mytharim.app */ = {isa = PBXFileReference; explicitFileType = wrapper.application; includeInIndex = 0; path = Mytharim.app; sourceTree = BUILT_PRODUCTS_DIR; };
		A080F2D92DB6760500ABA44A /* MytharimTests.xctest */ = {isa = PBXFileReference; explicitFileType = wrapper.cfbundle; includeInIndex = 0; path = MytharimTests.xctest; sourceTree = BUILT_PRODUCTS_DIR; };
		A080F2E32DB6760500ABA44A /* MytharimUITests.xctest */ = {isa = PBXFileReference; explicitFileType = wrapper.cfbundle; includeInIndex = 0; path = MytharimUITests.xctest; sourceTree = BUILT_PRODUCTS_DIR; };
/* End PBXFileReference section */

/* Begin PBXFileSystemSynchronizedRootGroup section */
		A080F2C52DB6760300ABA44A /* Mytharim */ = {
			isa = PBXFileSystemSynchronizedRootGroup;
			path = Mytharim;
			sourceTree = "<group>";
		};
		A080F2DC2DB6760500ABA44A /* MytharimTests */ = {
			isa = PBXFileSystemSynchronizedRootGroup;
			path = MytharimTests;
			sourceTree = "<group>";
		};
		A080F2E62DB6760500ABA44A /* MytharimUITests */ = {
			isa = PBXFileSystemSynchronizedRootGroup;
			path = MytharimUITests;
			sourceTree = "<group>";
		};
/* End PBXFileSystemSynchronizedRootGroup section */

/* Begin PBXFrameworksBuildPhase section */
		A080F2C02DB6760300ABA44A /* Frameworks */ = {
			isa = PBXFrameworksBuildPhase;
			buildActionMask = 2147483647;
			files = (
			);
			runOnlyForDeploymentPostprocessing = 0;
		};
		A080F2D62DB6760500ABA44A /* Frameworks */ = {
			isa = PBXFrameworksBuildPhase;
			buildActionMask = 2147483647;
			files = (
			);
			runOnlyForDeploymentPostprocessing = 0;
		};
		A080F2E02DB6760500ABA44A /* Frameworks */ = {
			isa = PBXFrameworksBuildPhase;
			buildActionMask = 2147483647;
			files = (
			);
			runOnlyForDeploymentPostprocessing = 0;
		};
/* End PBXFrameworksBuildPhase section */

/* Begin PBXGroup section */
		A080F2BA2DB6760300ABA44A = {
			isa = PBXGroup;
			children = (
				A080F2C52DB6760300ABA44A /* Mytharim */,
				A080F2DC2DB6760500ABA44A /* MytharimTests */,
				A080F2E62DB6760500ABA44A /* MytharimUITests */,
				A080F2C42DB6760300ABA44A /* Products */,
			);
			sourceTree = "<group>";
		};
		A080F2C42DB6760300ABA44A /* Products */ = {
			isa = PBXGroup;
			children = (
				A080F2C32DB6760300ABA44A /* Mytharim.app */,
				A080F2D92DB6760500ABA44A /* MytharimTests.xctest */,
				A080F2E32DB6760500ABA44A /* MytharimUITests.xctest */,
			);
			name = Products;
			sourceTree = "<group>";
		};
/* End PBXGroup section */

/* Begin PBXNativeTarget section */
		A080F2C22DB6760300ABA44A /* Mytharim */ = {
			isa = PBXNativeTarget;
			buildConfigurationList = A080F2ED2DB6760500ABA44A /* Build configuration list for PBXNativeTarget "Mytharim" */;
			buildPhases = (
				A080F2BF2DB6760300ABA44A /* Sources */,
				A080F2C02DB6760300ABA44A /* Frameworks */,
				A080F2C12DB6760300ABA44A /* Resources */,
			);
			buildRules = (
			);
			dependencies = (
			);
			fileSystemSynchronizedGroups = (
				A080F2C52DB6760300ABA44A /* Mytharim */,
			);
			name = Mytharim;
			packageProductDependencies = (
			);
			productName = Mytharim;
			productReference = A080F2C32DB6760300ABA44A /* Mytharim.app */;
			productType = "com.apple.product-type.application";
		};
		A080F2D82DB6760500ABA44A /* MytharimTests */ = {
			isa = PBXNativeTarget;
			buildConfigurationList = A080F2F02DB6760500ABA44A /* Build configuration list for PBXNativeTarget "MytharimTests" */;
			buildPhases = (
				A080F2D52DB6760500ABA44A /* Sources */,
				A080F2D62DB6760500ABA44A /* Frameworks */,
				A080F2D72DB6760500ABA44A /* Resources */,
			);
			buildRules = (
			);
			dependencies = (
				A080F2DB2DB6760500ABA44A /* PBXTargetDependency */,
			);
			fileSystemSynchronizedGroups = (
				A080F2DC2DB6760500ABA44A /* MytharimTests */,
			);
			name = MytharimTests;
			packageProductDependencies = (
			);
			productName = MytharimTests;
			productReference = A080F2D92DB6760500ABA44A /* MytharimTests.xctest */;
			productType = "com.apple.product-type.bundle.unit-test";
		};
		A080F2E22DB6760500ABA44A /* MytharimUITests */ = {
			isa = PBXNativeTarget;
			buildConfigurationList = A080F2F32DB6760500ABA44A /* Build configuration list for PBXNativeTarget "MytharimUITests" */;
			buildPhases = (
				A080F2DF2DB6760500ABA44A /* Sources */,
				A080F2E02DB6760500ABA44A /* Frameworks */,
				A080F2E12DB6760500ABA44A /* Resources */,
			);
			buildRules = (
			);
			dependencies = (
				A080F2E52DB6760500ABA44A /* PBXTargetDependency */,
			);
			fileSystemSynchronizedGroups = (
				A080F2E62DB6760500ABA44A /* MytharimUITests */,
			);
			name = MytharimUITests;
			packageProductDependencies = (
			);
			productName = MytharimUITests;
			productReference = A080F2E32DB6760500ABA44A /* MytharimUITests.xctest */;
			productType = "com.apple.product-type.bundle.ui-testing";
		};
/* End PBXNativeTarget section */

/* Begin PBXProject section */
		A080F2BB2DB6760300ABA44A /* Project object */ = {
			isa = PBXProject;
			attributes = {
				BuildIndependentTargetsInParallel = 1;
				LastSwiftUpdateCheck = 1630;
				LastUpgradeCheck = 1630;
				TargetAttributes = {
					A080F2C22DB6760300ABA44A = {
						CreatedOnToolsVersion = 16.3;
					};
					A080F2D82DB6760500ABA44A = {
						CreatedOnToolsVersion = 16.3;
						TestTargetID = A080F2C22DB6760300ABA44A;
					};
					A080F2E22DB6760500ABA44A = {
						CreatedOnToolsVersion = 16.3;
						TestTargetID = A080F2C22DB6760300ABA44A;
					};
				};
			};
			buildConfigurationList = A080F2BE2DB6760300ABA44A /* Build configuration list for PBXProject "Mytharim" */;
			developmentRegion = en;
			hasScannedForEncodings = 0;
			knownRegions = (
				en,
				Base,
			);
			mainGroup = A080F2BA2DB6760300ABA44A;
			minimizedProjectReferenceProxies = 1;
			preferredProjectObjectVersion = 77;
			productRefGroup = A080F2C42DB6760300ABA44A /* Products */;
			projectDirPath = "";
			projectRoot = "";
			targets = (
				A080F2C22DB6760300ABA44A /* Mytharim */,
				A080F2D82DB6760500ABA44A /* MytharimTests */,
				A080F2E22DB6760500ABA44A /* MytharimUITests */,
			);
		};
/* End PBXProject section */

/* Begin PBXResourcesBuildPhase section */
		A080F2C12DB6760300ABA44A /* Resources */ = {
			isa = PBXResourcesBuildPhase;
			buildActionMask = 2147483647;
			files = (
			);
			runOnlyForDeploymentPostprocessing = 0;
		};
		A080F2D72DB6760500ABA44A /* Resources */ = {
			isa = PBXResourcesBuildPhase;
			buildActionMask = 2147483647;
			files = (
			);
			runOnlyForDeploymentPostprocessing = 0;
		};
		A080F2E12DB6760500ABA44A /* Resources */ = {
			isa = PBXResourcesBuildPhase;
			buildActionMask = 2147483647;
			files = (
			);
			runOnlyForDeploymentPostprocessing = 0;
		};
/* End PBXResourcesBuildPhase section */

/* Begin PBXSourcesBuildPhase section */
		A080F2BF2DB6760300ABA44A /* Sources */ = {
			isa = PBXSourcesBuildPhase;
			buildActionMask = 2147483647;
			files = (
			);
			runOnlyForDeploymentPostprocessing = 0;
		};
		A080F2D52DB6760500ABA44A /* Sources */ = {
			isa = PBXSourcesBuildPhase;
			buildActionMask = 2147483647;
			files = (
			);
			runOnlyForDeploymentPostprocessing = 0;
		};
		A080F2DF2DB6760500ABA44A /* Sources */ = {
			isa = PBXSourcesBuildPhase;
			buildActionMask = 2147483647;
			files = (
			);
			runOnlyForDeploymentPostprocessing = 0;
		};
/* End PBXSourcesBuildPhase section */

/* Begin PBXTargetDependency section */
		A080F2DB2DB6760500ABA44A /* PBXTargetDependency */ = {
			isa = PBXTargetDependency;
			target = A080F2C22DB6760300ABA44A /* Mytharim */;
			targetProxy = A080F2DA2DB6760500ABA44A /* PBXContainerItemProxy */;
		};
		A080F2E52DB6760500ABA44A /* PBXTargetDependency */ = {
			isa = PBXTargetDependency;
			target = A080F2C22DB6760300ABA44A /* Mytharim */;
			targetProxy = A080F2E42DB6760500ABA44A /* PBXContainerItemProxy */;
		};
/* End PBXTargetDependency section */

/* Begin XCBuildConfiguration section */
		A080F2EB2DB6760500ABA44A /* Debug */ = {
			isa = XCBuildConfiguration;
			buildSettings = {
				ALWAYS_SEARCH_USER_PATHS = NO;
				ASSETCATALOG_COMPILER_GENERATE_SWIFT_ASSET_SYMBOL_EXTENSIONS = YES;
				CLANG_ANALYZER_NONNULL = YES;
				CLANG_ANALYZER_NUMBER_OBJECT_CONVERSION = YES_AGGRESSIVE;
				CLANG_CXX_LANGUAGE_STANDARD = "gnu++20";
				CLANG_ENABLE_MODULES = YES;
				CLANG_ENABLE_OBJC_ARC = YES;
				CLANG_ENABLE_OBJC_WEAK = YES;
				CLANG_WARN_BLOCK_CAPTURE_AUTORELEASING = YES;
				CLANG_WARN_BOOL_CONVERSION = YES;
				CLANG_WARN_COMMA = YES;
				CLANG_WARN_CONSTANT_CONVERSION = YES;
				CLANG_WARN_DEPRECATED_OBJC_IMPLEMENTATIONS = YES;
				CLANG_WARN_DIRECT_OBJC_ISA_USAGE = YES_ERROR;
				CLANG_WARN_DOCUMENTATION_COMMENTS = YES;
				CLANG_WARN_EMPTY_BODY = YES;
				CLANG_WARN_ENUM_CONVERSION = YES;
				CLANG_WARN_INFINITE_RECURSION = YES;
				CLANG_WARN_INT_CONVERSION = YES;
				CLANG_WARN_NON_LITERAL_NULL_CONVERSION = YES;
				CLANG_WARN_OBJC_IMPLICIT_RETAIN_SELF = YES;
				CLANG_WARN_OBJC_LITERAL_CONVERSION = YES;
				CLANG_WARN_OBJC_ROOT_CLASS = YES_ERROR;
				CLANG_WARN_QUOTED_INCLUDE_IN_FRAMEWORK_HEADER = YES;
				CLANG_WARN_RANGE_LOOP_ANALYSIS = YES;
				CLANG_WARN_STRICT_PROTOTYPES = YES;
				CLANG_WARN_SUSPICIOUS_MOVE = YES;
				CLANG_WARN_UNGUARDED_AVAILABILITY = YES_AGGRESSIVE;
				CLANG_WARN_UNREACHABLE_CODE = YES;
				CLANG_WARN__DUPLICATE_METHOD_MATCH = YES;
				COPY_PHASE_STRIP = NO;
				DEBUG_INFORMATION_FORMAT = dwarf;
				DEVELOPMENT_TEAM = D8J2M6QU6Q;
				ENABLE_STRICT_OBJC_MSGSEND = YES;
				ENABLE_TESTABILITY = YES;
				ENABLE_USER_SCRIPT_SANDBOXING = YES;
				GCC_C_LANGUAGE_STANDARD = gnu17;
				GCC_DYNAMIC_NO_PIC = NO;
				GCC_NO_COMMON_BLOCKS = YES;
				GCC_OPTIMIZATION_LEVEL = 0;
				GCC_PREPROCESSOR_DEFINITIONS = (
					"DEBUG=1",
					"$(inherited)",
				);
				GCC_WARN_64_TO_32_BIT_CONVERSION = YES;
				GCC_WARN_ABOUT_RETURN_TYPE = YES_ERROR;
				GCC_WARN_UNDECLARED_SELECTOR = YES;
				GCC_WARN_UNINITIALIZED_AUTOS = YES_AGGRESSIVE;
				GCC_WARN_UNUSED_FUNCTION = YES;
				GCC_WARN_UNUSED_VARIABLE = YES;
				LOCALIZATION_PREFERS_STRING_CATALOGS = YES;
				MACOSX_DEPLOYMENT_TARGET = 15.4;
				MTL_ENABLE_DEBUG_INFO = INCLUDE_SOURCE;
				MTL_FAST_MATH = YES;
				ONLY_ACTIVE_ARCH = YES;
				SDKROOT = macosx;
				SWIFT_ACTIVE_COMPILATION_CONDITIONS = "DEBUG $(inherited)";
				SWIFT_OPTIMIZATION_LEVEL = "-Onone";
			};
			name = Debug;
		};
		A080F2EC2DB6760500ABA44A /* Release */ = {
			isa = XCBuildConfiguration;
			buildSettings = {
				ALWAYS_SEARCH_USER_PATHS = NO;
				ASSETCATALOG_COMPILER_GENERATE_SWIFT_ASSET_SYMBOL_EXTENSIONS = YES;
				CLANG_ANALYZER_NONNULL = YES;
				CLANG_ANALYZER_NUMBER_OBJECT_CONVERSION = YES_AGGRESSIVE;
				CLANG_CXX_LANGUAGE_STANDARD = "gnu++20";
				CLANG_ENABLE_MODULES = YES;
				CLANG_ENABLE_OBJC_ARC = YES;
				CLANG_ENABLE_OBJC_WEAK = YES;
				CLANG_WARN_BLOCK_CAPTURE_AUTORELEASING = YES;
				CLANG_WARN_BOOL_CONVERSION = YES;
				CLANG_WARN_COMMA = YES;
				CLANG_WARN_CONSTANT_CONVERSION = YES;
				CLANG_WARN_DEPRECATED_OBJC_IMPLEMENTATIONS = YES;
				CLANG_WARN_DIRECT_OBJC_ISA_USAGE = YES_ERROR;
				CLANG_WARN_DOCUMENTATION_COMMENTS = YES;
				CLANG_WARN_EMPTY_BODY = YES;
				CLANG_WARN_ENUM_CONVERSION = YES;
				CLANG_WARN_INFINITE_RECURSION = YES;
				CLANG_WARN_INT_CONVERSION = YES;
				CLANG_WARN_NON_LITERAL_NULL_CONVERSION = YES;
				CLANG_WARN_OBJC_IMPLICIT_RETAIN_SELF = YES;
				CLANG_WARN_OBJC_LITERAL_CONVERSION = YES;
				CLANG_WARN_OBJC_ROOT_CLASS = YES_ERROR;
				CLANG_WARN_QUOTED_INCLUDE_IN_FRAMEWORK_HEADER = YES;
				CLANG_WARN_RANGE_LOOP_ANALYSIS = YES;
				CLANG_WARN_STRICT_PROTOTYPES = YES;
				CLANG_WARN_SUSPICIOUS_MOVE = YES;
				CLANG_WARN_UNGUARDED_AVAILABILITY = YES_AGGRESSIVE;
				CLANG_WARN_UNREACHABLE_CODE = YES;
				CLANG_WARN__DUPLICATE_METHOD_MATCH = YES;
				COPY_PHASE_STRIP = NO;
				DEBUG_INFORMATION_FORMAT = "dwarf-with-dsym";
				DEVELOPMENT_TEAM = D8J2M6QU6Q;
				ENABLE_NS_ASSERTIONS = NO;
				ENABLE_STRICT_OBJC_MSGSEND = YES;
				ENABLE_USER_SCRIPT_SANDBOXING = YES;
				GCC_C_LANGUAGE_STANDARD = gnu17;
				GCC_NO_COMMON_BLOCKS = YES;
				GCC_WARN_64_TO_32_BIT_CONVERSION = YES;
				GCC_WARN_ABOUT_RETURN_TYPE = YES_ERROR;
				GCC_WARN_UNDECLARED_SELECTOR = YES;
				GCC_WARN_UNINITIALIZED_AUTOS = YES_AGGRESSIVE;
				GCC_WARN_UNUSED_FUNCTION = YES;
				GCC_WARN_UNUSED_VARIABLE = YES;
				LOCALIZATION_PREFERS_STRING_CATALOGS = YES;
				MACOSX_DEPLOYMENT_TARGET = 15.4;
				MTL_ENABLE_DEBUG_INFO = NO;
				MTL_FAST_MATH = YES;
				SDKROOT = macosx;
				SWIFT_COMPILATION_MODE = wholemodule;
			};
			name = Release;
		};
		A080F2EE2DB6760500ABA44A /* Debug */ = {
			isa = XCBuildConfiguration;
			buildSettings = {
				ASSETCATALOG_COMPILER_APPICON_NAME = AppIcon;
				ASSETCATALOG_COMPILER_GLOBAL_ACCENT_COLOR_NAME = AccentColor;
				CODE_SIGN_ENTITLEMENTS = Mytharim/Mytharim.entitlements;
				CODE_SIGN_STYLE = Automatic;
				COMBINE_HIDPI_IMAGES = YES;
				CURRENT_PROJECT_VERSION = 1;
				DEVELOPMENT_TEAM = D8J2M6QU6Q;
				ENABLE_HARDENED_RUNTIME = YES;
				GENERATE_INFOPLIST_FILE = YES;
				INFOPLIST_FILE = Mytharim/Info.plist;
				INFOPLIST_KEY_LSApplicationCategoryType = "public.app-category.games";
				INFOPLIST_KEY_MetalCaptureEnabled = YES;
				INFOPLIST_KEY_NSHumanReadableCopyright = "";
				INFOPLIST_KEY_NSPrincipalClass = NSApplication;
				LD_RUNPATH_SEARCH_PATHS = (
					"$(inherited)",
					"@executable_path/../Frameworks",
				);
				MARKETING_VERSION = 1.0;
				PRODUCT_BUNDLE_IDENTIFIER = com.mytharim.Mytharim;
				PRODUCT_NAME = "$(TARGET_NAME)";
				REGISTER_APP_GROUPS = YES;
				SWIFT_EMIT_LOC_STRINGS = YES;
				SWIFT_OBJC_BRIDGING_HEADER = "$(TARGET_NAME)/ShaderTypes.h";
				SWIFT_VERSION = 5.0;
			};
			name = Debug;
		};
		A080F2EF2DB6760500ABA44A /* Release */ = {
			isa = XCBuildConfiguration;
			buildSettings = {
				ASSETCATALOG_COMPILER_APPICON_NAME = AppIcon;
				ASSETCATALOG_COMPILER_GLOBAL_ACCENT_COLOR_NAME = AccentColor;
				CODE_SIGN_ENTITLEMENTS = Mytharim/Mytharim.entitlements;
				CODE_SIGN_STYLE = Automatic;
				COMBINE_HIDPI_IMAGES = YES;
				CURRENT_PROJECT_VERSION = 1;
				DEVELOPMENT_TEAM = D8J2M6QU6Q;
				ENABLE_HARDENED_RUNTIME = YES;
				GENERATE_INFOPLIST_FILE = YES;
				INFOPLIST_FILE = Mytharim/Info.plist;
				INFOPLIST_KEY_LSApplicationCategoryType = "public.app-category.games";
				INFOPLIST_KEY_MetalCaptureEnabled = YES;
				INFOPLIST_KEY_NSHumanReadableCopyright = "";
				INFOPLIST_KEY_NSPrincipalClass = NSApplication;
				LD_RUNPATH_SEARCH_PATHS = (
					"$(inherited)",
					"@executable_path/../Frameworks",
				);
				MARKETING_VERSION = 1.0;
				PRODUCT_BUNDLE_IDENTIFIER = com.mytharim.Mytharim;
				PRODUCT_NAME = "$(TARGET_NAME)";
				REGISTER_APP_GROUPS = YES;
				SWIFT_EMIT_LOC_STRINGS = YES;
				SWIFT_OBJC_BRIDGING_HEADER = "$(TARGET_NAME)/ShaderTypes.h";
				SWIFT_VERSION = 5.0;
			};
			name = Release;
		};
		A080F2F12DB6760500ABA44A /* Debug */ = {
			isa = XCBuildConfiguration;
			buildSettings = {
				BUNDLE_LOADER = "$(TEST_HOST)";
				CODE_SIGN_STYLE = Automatic;
				CURRENT_PROJECT_VERSION = 1;
				DEVELOPMENT_TEAM = D8J2M6QU6Q;
				GENERATE_INFOPLIST_FILE = YES;
				MACOSX_DEPLOYMENT_TARGET = 15.4;
				MARKETING_VERSION = 1.0;
				PRODUCT_BUNDLE_IDENTIFIER = com.mytharim.MytharimTests;
				PRODUCT_NAME = "$(TARGET_NAME)";
				SWIFT_EMIT_LOC_STRINGS = NO;
				SWIFT_VERSION = 5.0;
				TEST_HOST = "$(BUILT_PRODUCTS_DIR)/Mytharim.app/$(BUNDLE_EXECUTABLE_FOLDER_PATH)/Mytharim";
			};
			name = Debug;
		};
		A080F2F22DB6760500ABA44A /* Release */ = {
			isa = XCBuildConfiguration;
			buildSettings = {
				BUNDLE_LOADER = "$(TEST_HOST)";
				CODE_SIGN_STYLE = Automatic;
				CURRENT_PROJECT_VERSION = 1;
				DEVELOPMENT_TEAM = D8J2M6QU6Q;
				GENERATE_INFOPLIST_FILE = YES;
				MACOSX_DEPLOYMENT_TARGET = 15.4;
				MARKETING_VERSION = 1.0;
				PRODUCT_BUNDLE_IDENTIFIER = com.mytharim.MytharimTests;
				PRODUCT_NAME = "$(TARGET_NAME)";
				SWIFT_EMIT_LOC_STRINGS = NO;
				SWIFT_VERSION = 5.0;
				TEST_HOST = "$(BUILT_PRODUCTS_DIR)/Mytharim.app/$(BUNDLE_EXECUTABLE_FOLDER_PATH)/Mytharim";
			};
			name = Release;
		};
		A080F2F42DB6760500ABA44A /* Debug */ = {
			isa = XCBuildConfiguration;
			buildSettings = {
				CODE_SIGN_STYLE = Automatic;
				CURRENT_PROJECT_VERSION = 1;
				DEVELOPMENT_TEAM = D8J2M6QU6Q;
				GENERATE_INFOPLIST_FILE = YES;
				MARKETING_VERSION = 1.0;
				PRODUCT_BUNDLE_IDENTIFIER = com.mytharim.MytharimUITests;
				PRODUCT_NAME = "$(TARGET_NAME)";
				SWIFT_EMIT_LOC_STRINGS = NO;
				SWIFT_VERSION = 5.0;
				TEST_TARGET_NAME = Mytharim;
			};
			name = Debug;
		};
		A080F2F52DB6760500ABA44A /* Release */ = {
			isa = XCBuildConfiguration;
			buildSettings = {
				CODE_SIGN_STYLE = Automatic;
				CURRENT_PROJECT_VERSION = 1;
				DEVELOPMENT_TEAM = D8J2M6QU6Q;
				GENERATE_INFOPLIST_FILE = YES;
				MARKETING_VERSION = 1.0;
				PRODUCT_BUNDLE_IDENTIFIER = com.mytharim.MytharimUITests;
				PRODUCT_NAME = "$(TARGET_NAME)";
				SWIFT_EMIT_LOC_STRINGS = NO;
				SWIFT_VERSION = 5.0;
				TEST_TARGET_NAME = Mytharim;
			};
			name = Release;
		};
/* End XCBuildConfiguration section */

/* Begin XCConfigurationList section */
		A080F2BE2DB6760300ABA44A /* Build configuration list for PBXProject "Mytharim" */ = {
			isa = XCConfigurationList;
			buildConfigurations = (
				A080F2EB2DB6760500ABA44A /* Debug */,
				A080F2EC2DB6760500ABA44A /* Release */,
			);
			defaultConfigurationIsVisible = 0;
			defaultConfigurationName = Release;
		};
		A080F2ED2DB6760500ABA44A /* Build configuration list for PBXNativeTarget "Mytharim" */ = {
			isa = XCConfigurationList;
			buildConfigurations = (
				A080F2EE2DB6760500ABA44A /* Debug */,
				A080F2EF2DB6760500ABA44A /* Release */,
			);
			defaultConfigurationIsVisible = 0;
			defaultConfigurationName = Release;
		};
		A080F2F02DB6760500ABA44A /* Build configuration list for PBXNativeTarget "MytharimTests" */ = {
			isa = XCConfigurationList;
			buildConfigurations = (
				A080F2F12DB6760500ABA44A /* Debug */,
				A080F2F22DB6760500ABA44A /* Release */,
			);
			defaultConfigurationIsVisible = 0;
			defaultConfigurationName = Release;
		};
		A080F2F32DB6760500ABA44A /* Build configuration list for PBXNativeTarget "MytharimUITests" */ = {
			isa = XCConfigurationList;
			buildConfigurations = (
				A080F2F42DB6760500ABA44A /* Debug */,
				A080F2F52DB6760500ABA44A /* Release */,
			);
			defaultConfigurationIsVisible = 0;
			defaultConfigurationName = Release;
		};
/* End XCConfigurationList section */
	};
	rootObject = A080F2BB2DB6760300ABA44A /* Project object */;
}
